
Microsoft Visual Studio Solution File, Format Version 12.00
# Visual Studio Version 17
VisualStudioVersion = 17.8.34330.188
MinimumVisualStudioVersion = 10.0.40219.1
Project("{2150E333-8FDC-42A3-9474-1A3956D46DE8}") = "src", "src", "{ECAB4191-9698-4AF7-AD85-725AF6952673}"
EndProject
Project("{2150E333-8FDC-42A3-9474-1A3956D46DE8}") = "Solution Items", "Solution Items", "{CE5C39A5-7603-4628-A963-AD52A426FAF9}"
	ProjectSection(SolutionItems) = preProject
		ServiceUrls.txt = ServiceUrls.txt
	EndProjectSection
EndProject
Project("{2150E333-8FDC-42A3-9474-1A3956D46DE8}") = "ApiGateways", "ApiGateways", "{CB0507EC-8361-4867-AA18-5D78BA10D38F}"
EndProject
Project("{2150E333-8FDC-42A3-9474-1A3956D46DE8}") = "BuildingBlocks", "BuildingBlocks", "{AD491C53-A393-4290-847E-5B8BA1EEDD4A}"
EndProject
Project("{2150E333-8FDC-42A3-9474-1A3956D46DE8}") = "Services", "Services", "{00525B61-647F-45A3-8525-3D825F9C2F18}"
EndProject
Project("{2150E333-8FDC-42A3-9474-1A3956D46DE8}") = "Clients", "Clients", "{6A161BFC-A8E1-4793-BD6C-3504A368A58D}"
EndProject
Project("{2150E333-8FDC-42A3-9474-1A3956D46DE8}") = "WebApiGateway", "WebApiGateway", "{14F2B539-7825-41EF-BC10-8916880AFC79}"
EndProject
Project("{9A19103F-16F7-4668-BE54-9A1E7A4F7556}") = "Web.ApiGateway", "src\ApiGateways\WebApiGateway\Web.ApiGateway\Web.ApiGateway.csproj", "{143AE485-05E7-489D-B6D8-C74652F501E9}"
EndProject
Project("{2150E333-8FDC-42A3-9474-1A3956D46DE8}") = "EventBus", "EventBus", "{239D5975-5A10-4B98-88C5-2F725BEA413F}"
EndProject
Project("{9A19103F-16F7-4668-BE54-9A1E7A4F7556}") = "EventBus.Base", "src\BuildingBlocks\EventBus\EventBus.Base\EventBus.Base.csproj", "{1DF50196-4140-4C52-958B-5EB2D9799B09}"
EndProject
Project("{9A19103F-16F7-4668-BE54-9A1E7A4F7556}") = "EventBus.Factory", "src\BuildingBlocks\EventBus\EventBus.Factory\EventBus.Factory.csproj", "{DE2B97FE-2F5E-4421-99D5-BF946A400D7E}"
EndProject
Project("{9A19103F-16F7-4668-BE54-9A1E7A4F7556}") = "EventBus.AzureServiceBus", "src\BuildingBlocks\EventBus\EventBus.AzureServiceBus\EventBus.AzureServiceBus.csproj", "{FAF92645-8881-4CEE-A7A8-DCC882EAABF2}"
EndProject
Project("{9A19103F-16F7-4668-BE54-9A1E7A4F7556}") = "EventBus.RabbitMQ", "src\BuildingBlocks\EventBus\EventBus.RabbitMQ\EventBus.RabbitMQ.csproj", "{02334AC8-B238-48BC-952E-AEBB89F8E518}"
EndProject
Project("{2150E333-8FDC-42A3-9474-1A3956D46DE8}") = "BlazorWebApp", "BlazorWebApp", "{35CCBC0B-1E54-4A35-A302-31798DDD9D06}"
EndProject
Project("{9A19103F-16F7-4668-BE54-9A1E7A4F7556}") = "WebApp", "src\Clients\BlazorWebApp\WebApp\WebApp.csproj", "{04B486D8-6E0F-4ED3-A31C-250A1AD95247}"
EndProject
Project("{2150E333-8FDC-42A3-9474-1A3956D46DE8}") = "BasketService", "BasketService", "{7757D7DC-A086-478D-8689-0AA00332C52D}"
EndProject
Project("{9A19103F-16F7-4668-BE54-9A1E7A4F7556}") = "BasketService.Api", "src\Services\BasketService\BasketService.Api\BasketService.Api.csproj", "{6FEA6B95-7DA1-48F0-9F3F-30F385DBA01D}"
EndProject
Project("{2150E333-8FDC-42A3-9474-1A3956D46DE8}") = "CatalogService", "CatalogService", "{87D37433-B6EE-42E5-BABD-4CD4F2E7055E}"
EndProject
Project("{9A19103F-16F7-4668-BE54-9A1E7A4F7556}") = "CatalogService.Api", "src\Services\CatalogService\CatalogService.Api\CatalogService.Api.csproj", "{0D7CC845-7289-4B88-9421-169BF39F9F54}"
EndProject
Project("{2150E333-8FDC-42A3-9474-1A3956D46DE8}") = "IdentityService", "IdentityService", "{EF34FFBB-700B-4543-A8C2-C7B2760EE413}"
EndProject
Project("{9A19103F-16F7-4668-BE54-9A1E7A4F7556}") = "IdentityService.Api", "src\Services\IdentityService\IdentityService.Api\IdentityService.Api.csproj", "{D3A0804C-CD46-490A-8203-FFF0EE6350E7}"
EndProject
Project("{2150E333-8FDC-42A3-9474-1A3956D46DE8}") = "NotificationService", "NotificationService", "{56743766-55DB-4D46-9A2D-557BE3BE1653}"
EndProject
Project("{FAE04EC0-301F-11D3-BF4B-00C04F79EFBC}") = "NotificationService", "src\Services\NotificationService\NotificationService\NotificationService.csproj", "{2438673D-32A2-4B36-8015-28F0531A82E0}"
EndProject
Project("{2150E333-8FDC-42A3-9474-1A3956D46DE8}") = "OrderService", "OrderService", "{1030F36B-5965-4852-B800-85E9C5C39E69}"
EndProject
Project("{FAE04EC0-301F-11D3-BF4B-00C04F79EFBC}") = "OrderService.Domain", "src\Services\OrderService\OrderService.Domain\OrderService.Domain.csproj", "{05A79B9D-4A6D-4089-AC84-655A36A3A1CB}"
EndProject
Project("{FAE04EC0-301F-11D3-BF4B-00C04F79EFBC}") = "OrderService.Application", "src\Services\OrderService\OrderService.Application\OrderService.Application.csproj", "{057ACAD2-AC3F-4795-8574-E96948E3E83D}"
EndProject
Project("{FAE04EC0-301F-11D3-BF4B-00C04F79EFBC}") = "OrderService.Infrastructure", "src\Services\OrderService\OrderService.Infrastructure\OrderService.Infrastructure.csproj", "{CC4FDFAD-AED6-46D4-8B3C-4D344251E2D4}"
EndProject
Project("{FAE04EC0-301F-11D3-BF4B-00C04F79EFBC}") = "OrderService.Api", "src\Services\OrderService\OrderService.Api\OrderService.Api.csproj", "{882D4C80-370D-428A-AE0A-A162B4BCA1ED}"
EndProject
Project("{2150E333-8FDC-42A3-9474-1A3956D46DE8}") = "Payment", "Payment", "{D31ABAE8-5078-4854-A343-47BBEC8DD4DF}"
EndProject
Project("{FAE04EC0-301F-11D3-BF4B-00C04F79EFBC}") = "PaymentService.Api", "src\Services\PaymentService\PaymentService.Api\PaymentService.Api.csproj", "{E1E1CE22-5C04-44FD-87E5-55089A4398F0}"
EndProject
Global
	GlobalSection(SolutionConfigurationPlatforms) = preSolution
		Debug|Any CPU = Debug|Any CPU
		Release|Any CPU = Release|Any CPU
	EndGlobalSection
	GlobalSection(ProjectConfigurationPlatforms) = postSolution
		{143AE485-05E7-489D-B6D8-C74652F501E9}.Debug|Any CPU.ActiveCfg = Debug|Any CPU
		{143AE485-05E7-489D-B6D8-C74652F501E9}.Debug|Any CPU.Build.0 = Debug|Any CPU
		{143AE485-05E7-489D-B6D8-C74652F501E9}.Release|Any CPU.ActiveCfg = Release|Any CPU
		{143AE485-05E7-489D-B6D8-C74652F501E9}.Release|Any CPU.Build.0 = Release|Any CPU
		{1DF50196-4140-4C52-958B-5EB2D9799B09}.Debug|Any CPU.ActiveCfg = Debug|Any CPU
		{1DF50196-4140-4C52-958B-5EB2D9799B09}.Debug|Any CPU.Build.0 = Debug|Any CPU
		{1DF50196-4140-4C52-958B-5EB2D9799B09}.Release|Any CPU.ActiveCfg = Release|Any CPU
		{1DF50196-4140-4C52-958B-5EB2D9799B09}.Release|Any CPU.Build.0 = Release|Any CPU
		{DE2B97FE-2F5E-4421-99D5-BF946A400D7E}.Debug|Any CPU.ActiveCfg = Debug|Any CPU
		{DE2B97FE-2F5E-4421-99D5-BF946A400D7E}.Debug|Any CPU.Build.0 = Debug|Any CPU
		{DE2B97FE-2F5E-4421-99D5-BF946A400D7E}.Release|Any CPU.ActiveCfg = Release|Any CPU
		{DE2B97FE-2F5E-4421-99D5-BF946A400D7E}.Release|Any CPU.Build.0 = Release|Any CPU
		{FAF92645-8881-4CEE-A7A8-DCC882EAABF2}.Debug|Any CPU.ActiveCfg = Debug|Any CPU
		{FAF92645-8881-4CEE-A7A8-DCC882EAABF2}.Debug|Any CPU.Build.0 = Debug|Any CPU
		{FAF92645-8881-4CEE-A7A8-DCC882EAABF2}.Release|Any CPU.ActiveCfg = Release|Any CPU
		{FAF92645-8881-4CEE-A7A8-DCC882EAABF2}.Release|Any CPU.Build.0 = Release|Any CPU
		{02334AC8-B238-48BC-952E-AEBB89F8E518}.Debug|Any CPU.ActiveCfg = Debug|Any CPU
		{02334AC8-B238-48BC-952E-AEBB89F8E518}.Debug|Any CPU.Build.0 = Debug|Any CPU
		{02334AC8-B238-48BC-952E-AEBB89F8E518}.Release|Any CPU.ActiveCfg = Release|Any CPU
		{02334AC8-B238-48BC-952E-AEBB89F8E518}.Release|Any CPU.Build.0 = Release|Any CPU
		{04B486D8-6E0F-4ED3-A31C-250A1AD95247}.Debug|Any CPU.ActiveCfg = Debug|Any CPU
		{04B486D8-6E0F-4ED3-A31C-250A1AD95247}.Debug|Any CPU.Build.0 = Debug|Any CPU
		{04B486D8-6E0F-4ED3-A31C-250A1AD95247}.Release|Any CPU.ActiveCfg = Release|Any CPU
		{04B486D8-6E0F-4ED3-A31C-250A1AD95247}.Release|Any CPU.Build.0 = Release|Any CPU
		{6FEA6B95-7DA1-48F0-9F3F-30F385DBA01D}.Debug|Any CPU.ActiveCfg = Debug|Any CPU
		{6FEA6B95-7DA1-48F0-9F3F-30F385DBA01D}.Debug|Any CPU.Build.0 = Debug|Any CPU
		{6FEA6B95-7DA1-48F0-9F3F-30F385DBA01D}.Release|Any CPU.ActiveCfg = Release|Any CPU
		{6FEA6B95-7DA1-48F0-9F3F-30F385DBA01D}.Release|Any CPU.Build.0 = Release|Any CPU
		{0D7CC845-7289-4B88-9421-169BF39F9F54}.Debug|Any CPU.ActiveCfg = Debug|Any CPU
		{0D7CC845-7289-4B88-9421-169BF39F9F54}.Debug|Any CPU.Build.0 = Debug|Any CPU
		{0D7CC845-7289-4B88-9421-169BF39F9F54}.Release|Any CPU.ActiveCfg = Release|Any CPU
		{0D7CC845-7289-4B88-9421-169BF39F9F54}.Release|Any CPU.Build.0 = Release|Any CPU
		{D3A0804C-CD46-490A-8203-FFF0EE6350E7}.Debug|Any CPU.ActiveCfg = Debug|Any CPU
		{D3A0804C-CD46-490A-8203-FFF0EE6350E7}.Debug|Any CPU.Build.0 = Debug|Any CPU
		{D3A0804C-CD46-490A-8203-FFF0EE6350E7}.Release|Any CPU.ActiveCfg = Release|Any CPU
		{D3A0804C-CD46-490A-8203-FFF0EE6350E7}.Release|Any CPU.Build.0 = Release|Any CPU
		{2438673D-32A2-4B36-8015-28F0531A82E0}.Debug|Any CPU.ActiveCfg = Debug|Any CPU
		{2438673D-32A2-4B36-8015-28F0531A82E0}.Debug|Any CPU.Build.0 = Debug|Any CPU
		{2438673D-32A2-4B36-8015-28F0531A82E0}.Release|Any CPU.ActiveCfg = Release|Any CPU
		{2438673D-32A2-4B36-8015-28F0531A82E0}.Release|Any CPU.Build.0 = Release|Any CPU
		{05A79B9D-4A6D-4089-AC84-655A36A3A1CB}.Debug|Any CPU.ActiveCfg = Debug|Any CPU
		{05A79B9D-4A6D-4089-AC84-655A36A3A1CB}.Debug|Any CPU.Build.0 = Debug|Any CPU
		{05A79B9D-4A6D-4089-AC84-655A36A3A1CB}.Release|Any CPU.ActiveCfg = Release|Any CPU
		{05A79B9D-4A6D-4089-AC84-655A36A3A1CB}.Release|Any CPU.Build.0 = Release|Any CPU
		{057ACAD2-AC3F-4795-8574-E96948E3E83D}.Debug|Any CPU.ActiveCfg = Debug|Any CPU
		{057ACAD2-AC3F-4795-8574-E96948E3E83D}.Debug|Any CPU.Build.0 = Debug|Any CPU
		{057ACAD2-AC3F-4795-8574-E96948E3E83D}.Release|Any CPU.ActiveCfg = Release|Any CPU
		{057ACAD2-AC3F-4795-8574-E96948E3E83D}.Release|Any CPU.Build.0 = Release|Any CPU
		{CC4FDFAD-AED6-46D4-8B3C-4D344251E2D4}.Debug|Any CPU.ActiveCfg = Debug|Any CPU
		{CC4FDFAD-AED6-46D4-8B3C-4D344251E2D4}.Debug|Any CPU.Build.0 = Debug|Any CPU
		{CC4FDFAD-AED6-46D4-8B3C-4D344251E2D4}.Release|Any CPU.ActiveCfg = Release|Any CPU
		{CC4FDFAD-AED6-46D4-8B3C-4D344251E2D4}.Release|Any CPU.Build.0 = Release|Any CPU
		{882D4C80-370D-428A-AE0A-A162B4BCA1ED}.Debug|Any CPU.ActiveCfg = Debug|Any CPU
		{882D4C80-370D-428A-AE0A-A162B4BCA1ED}.Debug|Any CPU.Build.0 = Debug|Any CPU
		{882D4C80-370D-428A-AE0A-A162B4BCA1ED}.Release|Any CPU.ActiveCfg = Release|Any CPU
		{882D4C80-370D-428A-AE0A-A162B4BCA1ED}.Release|Any CPU.Build.0 = Release|Any CPU
		{E1E1CE22-5C04-44FD-87E5-55089A4398F0}.Debug|Any CPU.ActiveCfg = Debug|Any CPU
		{E1E1CE22-5C04-44FD-87E5-55089A4398F0}.Debug|Any CPU.Build.0 = Debug|Any CPU
		{E1E1CE22-5C04-44FD-87E5-55089A4398F0}.Release|Any CPU.ActiveCfg = Release|Any CPU
		{E1E1CE22-5C04-44FD-87E5-55089A4398F0}.Release|Any CPU.Build.0 = Release|Any CPU
	EndGlobalSection
	GlobalSection(SolutionProperties) = preSolution
		HideSolutionNode = FALSE
	EndGlobalSection
	GlobalSection(NestedProjects) = preSolution
		{CB0507EC-8361-4867-AA18-5D78BA10D38F} = {ECAB4191-9698-4AF7-AD85-725AF6952673}
		{AD491C53-A393-4290-847E-5B8BA1EEDD4A} = {ECAB4191-9698-4AF7-AD85-725AF6952673}
		{00525B61-647F-45A3-8525-3D825F9C2F18} = {ECAB4191-9698-4AF7-AD85-725AF6952673}
		{6A161BFC-A8E1-4793-BD6C-3504A368A58D} = {ECAB4191-9698-4AF7-AD85-725AF6952673}
		{14F2B539-7825-41EF-BC10-8916880AFC79} = {CB0507EC-8361-4867-AA18-5D78BA10D38F}
		{143AE485-05E7-489D-B6D8-C74652F501E9} = {14F2B539-7825-41EF-BC10-8916880AFC79}
		{239D5975-5A10-4B98-88C5-2F725BEA413F} = {AD491C53-A393-4290-847E-5B8BA1EEDD4A}
		{1DF50196-4140-4C52-958B-5EB2D9799B09} = {239D5975-5A10-4B98-88C5-2F725BEA413F}
		{DE2B97FE-2F5E-4421-99D5-BF946A400D7E} = {239D5975-5A10-4B98-88C5-2F725BEA413F}
		{FAF92645-8881-4CEE-A7A8-DCC882EAABF2} = {239D5975-5A10-4B98-88C5-2F725BEA413F}
		{02334AC8-B238-48BC-952E-AEBB89F8E518} = {239D5975-5A10-4B98-88C5-2F725BEA413F}
		{35CCBC0B-1E54-4A35-A302-31798DDD9D06} = {6A161BFC-A8E1-4793-BD6C-3504A368A58D}
		{04B486D8-6E0F-4ED3-A31C-250A1AD95247} = {35CCBC0B-1E54-4A35-A302-31798DDD9D06}
		{7757D7DC-A086-478D-8689-0AA00332C52D} = {00525B61-647F-45A3-8525-3D825F9C2F18}
		{6FEA6B95-7DA1-48F0-9F3F-30F385DBA01D} = {7757D7DC-A086-478D-8689-0AA00332C52D}
		{87D37433-B6EE-42E5-BABD-4CD4F2E7055E} = {00525B61-647F-45A3-8525-3D825F9C2F18}
		{0D7CC845-7289-4B88-9421-169BF39F9F54} = {87D37433-B6EE-42E5-BABD-4CD4F2E7055E}
		{EF34FFBB-700B-4543-A8C2-C7B2760EE413} = {00525B61-647F-45A3-8525-3D825F9C2F18}
		{D3A0804C-CD46-490A-8203-FFF0EE6350E7} = {EF34FFBB-700B-4543-A8C2-C7B2760EE413}
		{56743766-55DB-4D46-9A2D-557BE3BE1653} = {00525B61-647F-45A3-8525-3D825F9C2F18}
		{2438673D-32A2-4B36-8015-28F0531A82E0} = {56743766-55DB-4D46-9A2D-557BE3BE1653}
		{1030F36B-5965-4852-B800-85E9C5C39E69} = {00525B61-647F-45A3-8525-3D825F9C2F18}
		{05A79B9D-4A6D-4089-AC84-655A36A3A1CB} = {1030F36B-5965-4852-B800-85E9C5C39E69}
		{057ACAD2-AC3F-4795-8574-E96948E3E83D} = {1030F36B-5965-4852-B800-85E9C5C39E69}
		{CC4FDFAD-AED6-46D4-8B3C-4D344251E2D4} = {1030F36B-5965-4852-B800-85E9C5C39E69}
		{882D4C80-370D-428A-AE0A-A162B4BCA1ED} = {1030F36B-5965-4852-B800-85E9C5C39E69}
		{D31ABAE8-5078-4854-A343-47BBEC8DD4DF} = {00525B61-647F-45A3-8525-3D825F9C2F18}
		{E1E1CE22-5C04-44FD-87E5-55089A4398F0} = {D31ABAE8-5078-4854-A343-47BBEC8DD4DF}
	EndGlobalSection
	GlobalSection(ExtensibilityGlobals) = postSolution
		SolutionGuid = {E3640EAE-E969-4AD8-9D9B-37BA7B642E33}
	EndGlobalSection
EndGlobal
